
Microsoft Visual Studio Solution File, Format Version 12.00
# Visual Studio 14
VisualStudioVersion = 14.0.25420.1
MinimumVisualStudioVersion = 10.0.40219.1
Project("{FAE04EC0-301F-11D3-BF4B-00C04F79EFBC}") = "15puzzle", "15puzzle\15puzzle.csproj", "{6B2F8284-7286-400E-BCBF-51C4BD266312}"
EndProject
Project("{2150E333-8FDC-42A3-9474-1A3956D46DE8}") = "Solution Items", "Solution Items", "{C3DDD0FF-60A2-498D-909B-A596AD181340}"
EndProject
Global
	GlobalSection(SolutionConfigurationPlatforms) = preSolution
		Debug|Any CPU = Debug|Any CPU
		Release|Any CPU = Release|Any CPU
	EndGlobalSection
	GlobalSection(ProjectConfigurationPlatforms) = postSolution
		{6B2F8284-7286-400E-BCBF-51C4BD266312}.Debug|Any CPU.ActiveCfg = Debug|Any CPU
		{6B2F8284-7286-400E-BCBF-51C4BD266312}.Debug|Any CPU.Build.0 = Debug|Any CPU
		{6B2F8284-7286-400E-BCBF-51C4BD266312}.Release|Any CPU.ActiveCfg = Release|Any CPU
		{6B2F8284-7286-400E-BCBF-51C4BD266312}.Release|Any CPU.Build.0 = Release|Any CPU
	EndGlobalSection
	GlobalSection(SolutionProperties) = preSolution
		HideSolutionNode = FALSE
	EndGlobalSection
EndGlobal
